
Microsoft Visual Studio Solution File, Format Version 12.00
# Visual Studio Version 17
VisualStudioVersion = 17.7.34202.233
MinimumVisualStudioVersion = 10.0.40219.1
Project("{FAE04EC0-301F-11D3-BF4B-00C04F79EFBC}") = "APPTest", "APPTest\APPTest.csproj", "{80271A3E-4274-484A-A598-8870E68657AA}"
EndProject
Global
	GlobalSection(SolutionConfigurationPlatforms) = preSolution
		Debug|Any CPU = Debug|Any CPU
		Release|Any CPU = Release|Any CPU
	EndGlobalSection
	GlobalSection(ProjectConfigurationPlatforms) = postSolution
		{80271A3E-4274-484A-A598-8870E68657AA}.Debug|Any CPU.ActiveCfg = Debug|Any CPU
		{80271A3E-4274-484A-A598-8870E68657AA}.Debug|Any CPU.Build.0 = Debug|Any CPU
		{80271A3E-4274-484A-A598-8870E68657AA}.Release|Any CPU.ActiveCfg = Release|Any CPU
		{80271A3E-4274-484A-A598-8870E68657AA}.Release|Any CPU.Build.0 = Release|Any CPU
	EndGlobalSection
	GlobalSection(SolutionProperties) = preSolution
		HideSolutionNode = FALSE
	EndGlobalSection
	GlobalSection(ExtensibilityGlobals) = postSolution
		SolutionGuid = {33FF5B20-02EF-4D39-9CC6-7BFE17FD100C}
	EndGlobalSection
EndGlobal
